
Microsoft Visual Studio Solution File, Format Version 11.00
# Visual Studio 2010
Project("{FAE04EC0-301F-11D3-BF4B-00C04F79EFBC}") = "GameOfLife", "src\GameOfLife\GameOfLife.csproj", "{FF6B7A0B-709A-415D-AFC6-DD95C51FB9B6}"
	ProjectSection(ProjectDependencies) = postProject
		{82C40BF5-6F64-4B97-B647-435358969CB9} = {82C40BF5-6F64-4B97-B647-435358969CB9}
	EndProjectSection
EndProject
Project("{FAE04EC0-301F-11D3-BF4B-00C04F79EFBC}") = "GameOfLife.Web", "src\GameOfLife.Web\GameOfLife.Web.csproj", "{82C40BF5-6F64-4B97-B647-435358969CB9}"
EndProject
Project("{FAE04EC0-301F-11D3-BF4B-00C04F79EFBC}") = "GameOfLife.Specs", "src\GameOfLife.Specs\GameOfLife.Specs.csproj", "{16836CC9-1F20-464D-B838-0B6266159C25}"
EndProject
Global
	GlobalSection(SolutionConfigurationPlatforms) = preSolution
		Debug|Any CPU = Debug|Any CPU
		Release|Any CPU = Release|Any CPU
	EndGlobalSection
	GlobalSection(ProjectConfigurationPlatforms) = postSolution
		{FF6B7A0B-709A-415D-AFC6-DD95C51FB9B6}.Debug|Any CPU.ActiveCfg = Debug|Any CPU
		{FF6B7A0B-709A-415D-AFC6-DD95C51FB9B6}.Debug|Any CPU.Build.0 = Debug|Any CPU
		{FF6B7A0B-709A-415D-AFC6-DD95C51FB9B6}.Release|Any CPU.ActiveCfg = Release|Any CPU
		{FF6B7A0B-709A-415D-AFC6-DD95C51FB9B6}.Release|Any CPU.Build.0 = Release|Any CPU
		{82C40BF5-6F64-4B97-B647-435358969CB9}.Debug|Any CPU.ActiveCfg = Debug|Any CPU
		{82C40BF5-6F64-4B97-B647-435358969CB9}.Debug|Any CPU.Build.0 = Debug|Any CPU
		{82C40BF5-6F64-4B97-B647-435358969CB9}.Release|Any CPU.ActiveCfg = Release|Any CPU
		{82C40BF5-6F64-4B97-B647-435358969CB9}.Release|Any CPU.Build.0 = Release|Any CPU
		{16836CC9-1F20-464D-B838-0B6266159C25}.Debug|Any CPU.ActiveCfg = Debug|Any CPU
		{16836CC9-1F20-464D-B838-0B6266159C25}.Debug|Any CPU.Build.0 = Debug|Any CPU
		{16836CC9-1F20-464D-B838-0B6266159C25}.Release|Any CPU.ActiveCfg = Release|Any CPU
		{16836CC9-1F20-464D-B838-0B6266159C25}.Release|Any CPU.Build.0 = Release|Any CPU
	EndGlobalSection
	GlobalSection(SolutionProperties) = preSolution
		HideSolutionNode = FALSE
	EndGlobalSection
EndGlobal
